dependencies:
- name: temporal
  repository: file://./charts/temporal
  version: 1.0.0
- name: lakekeeper
  repository: https://lakekeeper.github.io/lakekeeper-charts/
  version: 0.9.0
- name: redis
  repository: https://charts.bitnami.com/bitnami
  version: 24.1.8
digest: sha256:1cc58970a2fc76cef9f2e40f05505fd2a3836435b7b9a04607e11f8e3793e0df
generated: "2026-05-28T13:50:40.538843+05:30"
